{
  "lockfile_version": "1",
  "packages": {
    "duckdb@1.2.1": {
      "last_modified": "2025-04-09T00:06:13Z",
      "resolved": "github:NixOS/nixpkgs/6a39c6e495eefabc935d8ddf66aa45d85b85fa3f#duckdb",
      "source": "devbox-search",
      "version": "1.2.1",
      "systems": {
        "aarch64-darwin": {
          "outputs": [
            {
              "name": "out",
              "path": "/nix/store/01jf405xh1ak6lb28xd9zayh768jhhxl-duckdb-1.2.1",
              "default": true
            },
            {
              "name": "dev",
              "path": "/nix/store/nlfm7yi8aj43isrng9qbqx47yrw3jl8z-duckdb-1.2.1-dev"
            },
            {
              "name": "lib",
              "path": "/nix/store/f7xym1w6zrmw8ikrizzf2j6y2ibspsb1-duckdb-1.2.1-lib"
            }
          ],
          "store_path": "/nix/store/01jf405xh1ak6lb28xd9zayh768jhhxl-duckdb-1.2.1"
        },
        "aarch64-linux": {
          "outputs": [
            {
              "name": "out",
              "path": "/nix/store/5rfpbs7r4vwqswff7h0mmza39jhlgsqh-duckdb-1.2.1",
              "default": true
            },
            {
              "name": "dev",
              "path": "/nix/store/xgxdv1iz3fz5glrjhqyv6iqk4lygrrzl-duckdb-1.2.1-dev"
            },
            {
              "name": "lib",
              "path": "/nix/store/fjk4d4ld23n6v0m7hxl4hgw08kzpc9jh-duckdb-1.2.1-lib"
            }
          ],
          "store_path": "/nix/store/5rfpbs7r4vwqswff7h0mmza39jhlgsqh-duckdb-1.2.1"
        },
        "x86_64-darwin": {
          "outputs": [
            {
              "name": "out",
              "path": "/nix/store/nrsvmmwpzj1bslnpgknb1gbl2m500s7l-duckdb-1.2.1",
              "default": true
            },
            {
              "name": "dev",
              "path": "/nix/store/w5i5ibagmka6831wcq3n7lh7x732a1zx-duckdb-1.2.1-dev"
            },
            {
              "name": "lib",
              "path": "/nix/store/iv1ziy3bjsnryypc9f87sn2k6arm31wr-duckdb-1.2.1-lib"
            }
          ],
          "store_path": "/nix/store/nrsvmmwpzj1bslnpgknb1gbl2m500s7l-duckdb-1.2.1"
        },
        "x86_64-linux": {
          "outputs": [
            {
              "name": "out",
              "path": "/nix/store/l3r2g5ikn64sa74p4wbqb0iincfnwl0y-duckdb-1.2.1",
              "default": true
            },
            {
              "name": "dev",
              "path": "/nix/store/2gl9xsyfd74kscq17lwwp6ad9bgkqffh-duckdb-1.2.1-dev"
            },
            {
              "name": "lib",
              "path": "/nix/store/l0f8a08ylwyj2hrvqy4m768hfd0wf42v-duckdb-1.2.1-lib"
            }
          ],
          "store_path": "/nix/store/l3r2g5ikn64sa74p4wbqb0iincfnwl0y-duckdb-1.2.1"
        }
      }
    },
    "github:NixOS/nixpkgs/nixpkgs-unstable": {
      "resolved": "github:NixOS/nixpkgs/bd3bac8bfb542dbde7ffffb6987a1a1f9d41699f?lastModified=1743014863&narHash=sha256-jAIUqsiN2r3hCuHji80U7NNEafpIMBXiwKlSrjWMlpg%3D"
    },
    "nodejs@23.10.0": {
      "last_modified": "2025-03-23T14:04:58Z",
      "plugin_version": "0.0.2",
      "resolved": "github:NixOS/nixpkgs/f3a2a0601e9669a6e38af25b46ce6c4563bcb6da#nodejs_23",
      "source": "devbox-search",
      "version": "23.10.0",
      "systems": {
        "aarch64-darwin": {
          "outputs": [
            {
              "name": "out",
              "path": "/nix/store/dihlffh62qmgzsrxq1igwxicdyr3fn8a-nodejs-23.10.0",
              "default": true
            },
            {
              "name": "libv8",
              "path": "/nix/store/ks94i4365833bykrzg3d3mqxnciygyrn-nodejs-23.10.0-libv8"
            }
          ],
          "store_path": "/nix/store/dihlffh62qmgzsrxq1igwxicdyr3fn8a-nodejs-23.10.0"
        },
        "aarch64-linux": {
          "outputs": [
            {
              "name": "out",
              "path": "/nix/store/1kyg749m82ay2j4kkhaqlr4cp56i5h4h-nodejs-23.10.0",
              "default": true
            },
            {
              "name": "libv8",
              "path": "/nix/store/0pfi6zsdlri5p8dyvgna336kw2hb1cwg-nodejs-23.10.0-libv8"
            }
          ],
          "store_path": "/nix/store/1kyg749m82ay2j4kkhaqlr4cp56i5h4h-nodejs-23.10.0"
        },
        "x86_64-darwin": {
          "outputs": [
            {
              "name": "out",
              "path": "/nix/store/nj0d1lc4nanqj7v4ibcgd26m3p5yfb0h-nodejs-23.10.0",
              "default": true
            },
            {
              "name": "libv8",
              "path": "/nix/store/k5rvmvqyibamfxa7cfzjfd5ldmi38kf3-nodejs-23.10.0-libv8"
            }
          ],
          "store_path": "/nix/store/nj0d1lc4nanqj7v4ibcgd26m3p5yfb0h-nodejs-23.10.0"
        },
        "x86_64-linux": {
          "outputs": [
            {
              "name": "out",
              "path": "/nix/store/m7imcmwi4hschl257dzc33gxciqlf4bm-nodejs-23.10.0",
              "default": true
            },
            {
              "name": "libv8",
              "path": "/nix/store/wy7ysxmd2ygdc5zpbhf9ripwgvvvnwsd-nodejs-23.10.0-libv8"
            }
          ],
          "store_path": "/nix/store/m7imcmwi4hschl257dzc33gxciqlf4bm-nodejs-23.10.0"
        }
      }
    }
  }
}
